
Microsoft Visual Studio Solution File, Format Version 12.00
# Visual Studio Version 16
VisualStudioVersion = 16.0.31702.278
MinimumVisualStudioVersion = 10.0.40219.1
Project("{FAE04EC0-301F-11D3-BF4B-00C04F79EFBC}") = "CalculatorGIT", "CalculatorGIT\CalculatorGIT.csproj", "{7E0ECC9C-838C-47B5-9C9B-22885A2253F1}"
EndProject
Global
	GlobalSection(SolutionConfigurationPlatforms) = preSolution
		Debug|Any CPU = Debug|Any CPU
		Release|Any CPU = Release|Any CPU
	EndGlobalSection
	GlobalSection(ProjectConfigurationPlatforms) = postSolution
		{7E0ECC9C-838C-47B5-9C9B-22885A2253F1}.Debug|Any CPU.ActiveCfg = Debug|Any CPU
		{7E0ECC9C-838C-47B5-9C9B-22885A2253F1}.Debug|Any CPU.Build.0 = Debug|Any CPU
		{7E0ECC9C-838C-47B5-9C9B-22885A2253F1}.Release|Any CPU.ActiveCfg = Release|Any CPU
		{7E0ECC9C-838C-47B5-9C9B-22885A2253F1}.Release|Any CPU.Build.0 = Release|Any CPU
	EndGlobalSection
	GlobalSection(SolutionProperties) = preSolution
		HideSolutionNode = FALSE
	EndGlobalSection
	GlobalSection(ExtensibilityGlobals) = postSolution
		SolutionGuid = {A413E08A-7173-4E72-AC2A-2035608A098E}
	EndGlobalSection
EndGlobal
